
Microsoft Visual Studio Solution File, Format Version 12.00
# Visual Studio Version 17
VisualStudioVersion = 17.11.35303.130
MinimumVisualStudioVersion = 10.0.40219.1
Project("{FAE04EC0-301F-11D3-BF4B-00C04F79EFBC}") = "Wpl1_PE1_EmreKaya_MasterMind", "Wpl1_PE1_EmreKaya_MasterMind\Wpl1_PE1_EmreKaya_MasterMind.csproj", "{83F01419-8D28-4598-8921-6BD147F9B166}"
EndProject
Global
	GlobalSection(SolutionConfigurationPlatforms) = preSolution
		Debug|Any CPU = Debug|Any CPU
		Release|Any CPU = Release|Any CPU
	EndGlobalSection
	GlobalSection(ProjectConfigurationPlatforms) = postSolution
		{83F01419-8D28-4598-8921-6BD147F9B166}.Debug|Any CPU.ActiveCfg = Debug|Any CPU
		{83F01419-8D28-4598-8921-6BD147F9B166}.Debug|Any CPU.Build.0 = Debug|Any CPU
		{83F01419-8D28-4598-8921-6BD147F9B166}.Release|Any CPU.ActiveCfg = Release|Any CPU
		{83F01419-8D28-4598-8921-6BD147F9B166}.Release|Any CPU.Build.0 = Release|Any CPU
	EndGlobalSection
	GlobalSection(SolutionProperties) = preSolution
		HideSolutionNode = FALSE
	EndGlobalSection
	GlobalSection(ExtensibilityGlobals) = postSolution
		SolutionGuid = {8DC40332-B412-48BE-A0A3-660D2D16FF6E}
	EndGlobalSection
EndGlobal
